
Microsoft Visual Studio Solution File, Format Version 12.00
# Visual Studio Version 17
VisualStudioVersion = 17.0.31903.59
MinimumVisualStudioVersion = 10.0.40219.1
Project("{2150E333-8FDC-42A3-9474-1A3956D46DE8}") = "src", "src", "{827E0CD3-B72D-47B6-A68D-7590B98EB39B}"
EndProject
Project("{FAE04EC0-301F-11D3-BF4B-00C04F79EFBC}") = "LunchOrganizer.Domain", "src\LunchOrganizer.Domain\LunchOrganizer.Domain.csproj", "{DC9CA939-7A3D-486D-824A-55AE1B65B8E2}"
EndProject
Project("{FAE04EC0-301F-11D3-BF4B-00C04F79EFBC}") = "LunchOrganizer.Data", "src\LunchOrganizer.Data\LunchOrganizer.Data.csproj", "{3CAFC263-DC54-48AE-B5D5-AB5495A19225}"
EndProject
Project("{FAE04EC0-301F-11D3-BF4B-00C04F79EFBC}") = "LunchOrganizer.Services", "src\LunchOrganizer.Services\LunchOrganizer.Services.csproj", "{ECFA4F46-AC72-4534-849A-3347E1280C5A}"
EndProject
Project("{FAE04EC0-301F-11D3-BF4B-00C04F79EFBC}") = "LunchOrganizer.Email", "src\LunchOrganizer.Email\LunchOrganizer.Email.csproj", "{571999FC-347E-44FA-96FB-2F8A3C9CEB11}"
EndProject
Project("{FAE04EC0-301F-11D3-BF4B-00C04F79EFBC}") = "LunchOrganizer.Fakes", "src\LunchOrganizer.Fakes\LunchOrganizer.Fakes.csproj", "{4A6D123A-6909-417F-B7C5-BDB0E88737ED}"
EndProject
Project("{FAE04EC0-301F-11D3-BF4B-00C04F79EFBC}") = "LunchOrganizer.Web", "src\LunchOrganizer.Web\LunchOrganizer.Web.csproj", "{13CE1ACA-6F4B-4C08-BC88-A91E56C9DF0A}"
EndProject
Project("{FAE04EC0-301F-11D3-BF4B-00C04F79EFBC}") = "LunchOrganizer.Mailer", "src\LunchOrganizer.Mailer\LunchOrganizer.Mailer.csproj", "{FD7F625C-DA3E-449E-A608-78A8D166AF31}"
EndProject
Project("{2150E333-8FDC-42A3-9474-1A3956D46DE8}") = "tests", "tests", "{0AB3BF05-4346-4AA6-1389-037BE0695223}"
EndProject
Project("{FAE04EC0-301F-11D3-BF4B-00C04F79EFBC}") = "LunchOrganizer.Tests", "tests\LunchOrganizer.Tests\LunchOrganizer.Tests.csproj", "{F9FD78E7-59E1-48BF-8A90-78F7FCEB78F3}"
EndProject
Global
	GlobalSection(SolutionConfigurationPlatforms) = preSolution
		Debug|Any CPU = Debug|Any CPU
		Debug|x64 = Debug|x64
		Debug|x86 = Debug|x86
		Release|Any CPU = Release|Any CPU
		Release|x64 = Release|x64
		Release|x86 = Release|x86
	EndGlobalSection
	GlobalSection(ProjectConfigurationPlatforms) = postSolution
		{DC9CA939-7A3D-486D-824A-55AE1B65B8E2}.Debug|Any CPU.ActiveCfg = Debug|Any CPU
		{DC9CA939-7A3D-486D-824A-55AE1B65B8E2}.Debug|Any CPU.Build.0 = Debug|Any CPU
		{DC9CA939-7A3D-486D-824A-55AE1B65B8E2}.Debug|x64.ActiveCfg = Debug|Any CPU
		{DC9CA939-7A3D-486D-824A-55AE1B65B8E2}.Debug|x64.Build.0 = Debug|Any CPU
		{DC9CA939-7A3D-486D-824A-55AE1B65B8E2}.Debug|x86.ActiveCfg = Debug|Any CPU
		{DC9CA939-7A3D-486D-824A-55AE1B65B8E2}.Debug|x86.Build.0 = Debug|Any CPU
		{DC9CA939-7A3D-486D-824A-55AE1B65B8E2}.Release|Any CPU.ActiveCfg = Release|Any CPU
		{DC9CA939-7A3D-486D-824A-55AE1B65B8E2}.Release|Any CPU.Build.0 = Release|Any CPU
		{DC9CA939-7A3D-486D-824A-55AE1B65B8E2}.Release|x64.ActiveCfg = Release|Any CPU
		{DC9CA939-7A3D-486D-824A-55AE1B65B8E2}.Release|x64.Build.0 = Release|Any CPU
		{DC9CA939-7A3D-486D-824A-55AE1B65B8E2}.Release|x86.ActiveCfg = Release|Any CPU
		{DC9CA939-7A3D-486D-824A-55AE1B65B8E2}.Release|x86.Build.0 = Release|Any CPU
		{3CAFC263-DC54-48AE-B5D5-AB5495A19225}.Debug|Any CPU.ActiveCfg = Debug|Any CPU
		{3CAFC263-DC54-48AE-B5D5-AB5495A19225}.Debug|Any CPU.Build.0 = Debug|Any CPU
		{3CAFC263-DC54-48AE-B5D5-AB5495A19225}.Debug|x64.ActiveCfg = Debug|Any CPU
		{3CAFC263-DC54-48AE-B5D5-AB5495A19225}.Debug|x64.Build.0 = Debug|Any CPU
		{3CAFC263-DC54-48AE-B5D5-AB5495A19225}.Debug|x86.ActiveCfg = Debug|Any CPU
		{3CAFC263-DC54-48AE-B5D5-AB5495A19225}.Debug|x86.Build.0 = Debug|Any CPU
		{3CAFC263-DC54-48AE-B5D5-AB5495A19225}.Release|Any CPU.ActiveCfg = Release|Any CPU
		{3CAFC263-DC54-48AE-B5D5-AB5495A19225}.Release|Any CPU.Build.0 = Release|Any CPU
		{3CAFC263-DC54-48AE-B5D5-AB5495A19225}.Release|x64.ActiveCfg = Release|Any CPU
		{3CAFC263-DC54-48AE-B5D5-AB5495A19225}.Release|x64.Build.0 = Release|Any CPU
		{3CAFC263-DC54-48AE-B5D5-AB5495A19225}.Release|x86.ActiveCfg = Release|Any CPU
		{3CAFC263-DC54-48AE-B5D5-AB5495A19225}.Release|x86.Build.0 = Release|Any CPU
		{ECFA4F46-AC72-4534-849A-3347E1280C5A}.Debug|Any CPU.ActiveCfg = Debug|Any CPU
		{ECFA4F46-AC72-4534-849A-3347E1280C5A}.Debug|Any CPU.Build.0 = Debug|Any CPU
		{ECFA4F46-AC72-4534-849A-3347E1280C5A}.Debug|x64.ActiveCfg = Debug|Any CPU
		{ECFA4F46-AC72-4534-849A-3347E1280C5A}.Debug|x64.Build.0 = Debug|Any CPU
		{ECFA4F46-AC72-4534-849A-3347E1280C5A}.Debug|x86.ActiveCfg = Debug|Any CPU
		{ECFA4F46-AC72-4534-849A-3347E1280C5A}.Debug|x86.Build.0 = Debug|Any CPU
		{ECFA4F46-AC72-4534-849A-3347E1280C5A}.Release|Any CPU.ActiveCfg = Release|Any CPU
		{ECFA4F46-AC72-4534-849A-3347E1280C5A}.Release|Any CPU.Build.0 = Release|Any CPU
		{ECFA4F46-AC72-4534-849A-3347E1280C5A}.Release|x64.ActiveCfg = Release|Any CPU
		{ECFA4F46-AC72-4534-849A-3347E1280C5A}.Release|x64.Build.0 = Release|Any CPU
		{ECFA4F46-AC72-4534-849A-3347E1280C5A}.Release|x86.ActiveCfg = Release|Any CPU
		{ECFA4F46-AC72-4534-849A-3347E1280C5A}.Release|x86.Build.0 = Release|Any CPU
		{571999FC-347E-44FA-96FB-2F8A3C9CEB11}.Debug|Any CPU.ActiveCfg = Debug|Any CPU
		{571999FC-347E-44FA-96FB-2F8A3C9CEB11}.Debug|Any CPU.Build.0 = Debug|Any CPU
		{571999FC-347E-44FA-96FB-2F8A3C9CEB11}.Debug|x64.ActiveCfg = Debug|Any CPU
		{571999FC-347E-44FA-96FB-2F8A3C9CEB11}.Debug|x64.Build.0 = Debug|Any CPU
		{571999FC-347E-44FA-96FB-2F8A3C9CEB11}.Debug|x86.ActiveCfg = Debug|Any CPU
		{571999FC-347E-44FA-96FB-2F8A3C9CEB11}.Debug|x86.Build.0 = Debug|Any CPU
		{571999FC-347E-44FA-96FB-2F8A3C9CEB11}.Release|Any CPU.ActiveCfg = Release|Any CPU
		{571999FC-347E-44FA-96FB-2F8A3C9CEB11}.Release|Any CPU.Build.0 = Release|Any CPU
		{571999FC-347E-44FA-96FB-2F8A3C9CEB11}.Release|x64.ActiveCfg = Release|Any CPU
		{571999FC-347E-44FA-96FB-2F8A3C9CEB11}.Release|x64.Build.0 = Release|Any CPU
		{571999FC-347E-44FA-96FB-2F8A3C9CEB11}.Release|x86.ActiveCfg = Release|Any CPU
		{571999FC-347E-44FA-96FB-2F8A3C9CEB11}.Release|x86.Build.0 = Release|Any CPU
		{4A6D123A-6909-417F-B7C5-BDB0E88737ED}.Debug|Any CPU.ActiveCfg = Debug|Any CPU
		{4A6D123A-6909-417F-B7C5-BDB0E88737ED}.Debug|Any CPU.Build.0 = Debug|Any CPU
		{4A6D123A-6909-417F-B7C5-BDB0E88737ED}.Debug|x64.ActiveCfg = Debug|Any CPU
		{4A6D123A-6909-417F-B7C5-BDB0E88737ED}.Debug|x64.Build.0 = Debug|Any CPU
		{4A6D123A-6909-417F-B7C5-BDB0E88737ED}.Debug|x86.ActiveCfg = Debug|Any CPU
		{4A6D123A-6909-417F-B7C5-BDB0E88737ED}.Debug|x86.Build.0 = Debug|Any CPU
		{4A6D123A-6909-417F-B7C5-BDB0E88737ED}.Release|Any CPU.ActiveCfg = Release|Any CPU
		{4A6D123A-6909-417F-B7C5-BDB0E88737ED}.Release|Any CPU.Build.0 = Release|Any CPU
		{4A6D123A-6909-417F-B7C5-BDB0E88737ED}.Release|x64.ActiveCfg = Release|Any CPU
		{4A6D123A-6909-417F-B7C5-BDB0E88737ED}.Release|x64.Build.0 = Release|Any CPU
		{4A6D123A-6909-417F-B7C5-BDB0E88737ED}.Release|x86.ActiveCfg = Release|Any CPU
		{4A6D123A-6909-417F-B7C5-BDB0E88737ED}.Release|x86.Build.0 = Release|Any CPU
		{13CE1ACA-6F4B-4C08-BC88-A91E56C9DF0A}.Debug|Any CPU.ActiveCfg = Debug|Any CPU
		{13CE1ACA-6F4B-4C08-BC88-A91E56C9DF0A}.Debug|Any CPU.Build.0 = Debug|Any CPU
		{13CE1ACA-6F4B-4C08-BC88-A91E56C9DF0A}.Debug|x64.ActiveCfg = Debug|Any CPU
		{13CE1ACA-6F4B-4C08-BC88-A91E56C9DF0A}.Debug|x64.Build.0 = Debug|Any CPU
		{13CE1ACA-6F4B-4C08-BC88-A91E56C9DF0A}.Debug|x86.ActiveCfg = Debug|Any CPU
		{13CE1ACA-6F4B-4C08-BC88-A91E56C9DF0A}.Debug|x86.Build.0 = Debug|Any CPU
		{13CE1ACA-6F4B-4C08-BC88-A91E56C9DF0A}.Release|Any CPU.ActiveCfg = Release|Any CPU
		{13CE1ACA-6F4B-4C08-BC88-A91E56C9DF0A}.Release|Any CPU.Build.0 = Release|Any CPU
		{13CE1ACA-6F4B-4C08-BC88-A91E56C9DF0A}.Release|x64.ActiveCfg = Release|Any CPU
		{13CE1ACA-6F4B-4C08-BC88-A91E56C9DF0A}.Release|x64.Build.0 = Release|Any CPU
		{13CE1ACA-6F4B-4C08-BC88-A91E56C9DF0A}.Release|x86.ActiveCfg = Release|Any CPU
		{13CE1ACA-6F4B-4C08-BC88-A91E56C9DF0A}.Release|x86.Build.0 = Release|Any CPU
		{FD7F625C-DA3E-449E-A608-78A8D166AF31}.Debug|Any CPU.ActiveCfg = Debug|Any CPU
		{FD7F625C-DA3E-449E-A608-78A8D166AF31}.Debug|Any CPU.Build.0 = Debug|Any CPU
		{FD7F625C-DA3E-449E-A608-78A8D166AF31}.Debug|x64.ActiveCfg = Debug|Any CPU
		{FD7F625C-DA3E-449E-A608-78A8D166AF31}.Debug|x64.Build.0 = Debug|Any CPU
		{FD7F625C-DA3E-449E-A608-78A8D166AF31}.Debug|x86.ActiveCfg = Debug|Any CPU
		{FD7F625C-DA3E-449E-A608-78A8D166AF31}.Debug|x86.Build.0 = Debug|Any CPU
		{FD7F625C-DA3E-449E-A608-78A8D166AF31}.Release|Any CPU.ActiveCfg = Release|Any CPU
		{FD7F625C-DA3E-449E-A608-78A8D166AF31}.Release|Any CPU.Build.0 = Release|Any CPU
		{FD7F625C-DA3E-449E-A608-78A8D166AF31}.Release|x64.ActiveCfg = Release|Any CPU
		{FD7F625C-DA3E-449E-A608-78A8D166AF31}.Release|x64.Build.0 = Release|Any CPU
		{FD7F625C-DA3E-449E-A608-78A8D166AF31}.Release|x86.ActiveCfg = Release|Any CPU
		{FD7F625C-DA3E-449E-A608-78A8D166AF31}.Release|x86.Build.0 = Release|Any CPU
		{F9FD78E7-59E1-48BF-8A90-78F7FCEB78F3}.Debug|Any CPU.ActiveCfg = Debug|Any CPU
		{F9FD78E7-59E1-48BF-8A90-78F7FCEB78F3}.Debug|Any CPU.Build.0 = Debug|Any CPU
		{F9FD78E7-59E1-48BF-8A90-78F7FCEB78F3}.Debug|x64.ActiveCfg = Debug|Any CPU
		{F9FD78E7-59E1-48BF-8A90-78F7FCEB78F3}.Debug|x64.Build.0 = Debug|Any CPU
		{F9FD78E7-59E1-48BF-8A90-78F7FCEB78F3}.Debug|x86.ActiveCfg = Debug|Any CPU
		{F9FD78E7-59E1-48BF-8A90-78F7FCEB78F3}.Debug|x86.Build.0 = Debug|Any CPU
		{F9FD78E7-59E1-48BF-8A90-78F7FCEB78F3}.Release|Any CPU.ActiveCfg = Release|Any CPU
		{F9FD78E7-59E1-48BF-8A90-78F7FCEB78F3}.Release|Any CPU.Build.0 = Release|Any CPU
		{F9FD78E7-59E1-48BF-8A90-78F7FCEB78F3}.Release|x64.ActiveCfg = Release|Any CPU
		{F9FD78E7-59E1-48BF-8A90-78F7FCEB78F3}.Release|x64.Build.0 = Release|Any CPU
		{F9FD78E7-59E1-48BF-8A90-78F7FCEB78F3}.Release|x86.ActiveCfg = Release|Any CPU
		{F9FD78E7-59E1-48BF-8A90-78F7FCEB78F3}.Release|x86.Build.0 = Release|Any CPU
	EndGlobalSection
	GlobalSection(SolutionProperties) = preSolution
		HideSolutionNode = FALSE
	EndGlobalSection
	GlobalSection(NestedProjects) = preSolution
		{DC9CA939-7A3D-486D-824A-55AE1B65B8E2} = {827E0CD3-B72D-47B6-A68D-7590B98EB39B}
		{3CAFC263-DC54-48AE-B5D5-AB5495A19225} = {827E0CD3-B72D-47B6-A68D-7590B98EB39B}
		{ECFA4F46-AC72-4534-849A-3347E1280C5A} = {827E0CD3-B72D-47B6-A68D-7590B98EB39B}
		{571999FC-347E-44FA-96FB-2F8A3C9CEB11} = {827E0CD3-B72D-47B6-A68D-7590B98EB39B}
		{4A6D123A-6909-417F-B7C5-BDB0E88737ED} = {827E0CD3-B72D-47B6-A68D-7590B98EB39B}
		{13CE1ACA-6F4B-4C08-BC88-A91E56C9DF0A} = {827E0CD3-B72D-47B6-A68D-7590B98EB39B}
		{FD7F625C-DA3E-449E-A608-78A8D166AF31} = {827E0CD3-B72D-47B6-A68D-7590B98EB39B}
		{F9FD78E7-59E1-48BF-8A90-78F7FCEB78F3} = {0AB3BF05-4346-4AA6-1389-037BE0695223}
	EndGlobalSection
EndGlobal
